
Microsoft Visual Studio Solution File, Format Version 12.00
# Visual Studio Version 17
VisualStudioVersion = 17.9.34622.214
MinimumVisualStudioVersion = 10.0.40219.1
Project("{9A19103F-16F7-4668-BE54-9A1E7A4F7556}") = "Classessess", "Classessess\Classessess.csproj", "{8F322201-2F60-471E-9C71-AA19C8AD547A}"
EndProject
Project("{FAE04EC0-301F-11D3-BF4B-00C04F79EFBC}") = "Zadacha", "Zadacha\Zadacha.csproj", "{916A4D7A-6122-4227-85F3-6E18F12C7634}"
EndProject
Global
	GlobalSection(SolutionConfigurationPlatforms) = preSolution
		Debug|Any CPU = Debug|Any CPU
		Release|Any CPU = Release|Any CPU
	EndGlobalSection
	GlobalSection(ProjectConfigurationPlatforms) = postSolution
		{8F322201-2F60-471E-9C71-AA19C8AD547A}.Debug|Any CPU.ActiveCfg = Debug|Any CPU
		{8F322201-2F60-471E-9C71-AA19C8AD547A}.Debug|Any CPU.Build.0 = Debug|Any CPU
		{8F322201-2F60-471E-9C71-AA19C8AD547A}.Release|Any CPU.ActiveCfg = Release|Any CPU
		{8F322201-2F60-471E-9C71-AA19C8AD547A}.Release|Any CPU.Build.0 = Release|Any CPU
		{916A4D7A-6122-4227-85F3-6E18F12C7634}.Debug|Any CPU.ActiveCfg = Debug|Any CPU
		{916A4D7A-6122-4227-85F3-6E18F12C7634}.Debug|Any CPU.Build.0 = Debug|Any CPU
		{916A4D7A-6122-4227-85F3-6E18F12C7634}.Release|Any CPU.ActiveCfg = Release|Any CPU
		{916A4D7A-6122-4227-85F3-6E18F12C7634}.Release|Any CPU.Build.0 = Release|Any CPU
	EndGlobalSection
	GlobalSection(SolutionProperties) = preSolution
		HideSolutionNode = FALSE
	EndGlobalSection
	GlobalSection(ExtensibilityGlobals) = postSolution
		SolutionGuid = {766A02B4-9FDD-4BE4-B5B6-11031769C241}
	EndGlobalSection
EndGlobal
